// !$*UTF8*$!
{
	archiveVersion = 1;
	classes = {
	};
	objectVersion = 50;
	objects = {

/* Begin PBXBuildFile section */
		6C8C6E06ED805B4DD4580AB2 /* Pods_IOTPay_iOSS.framework in Frameworks */ = {isa = PBXBuildFile; fileRef = 9BFD07C9790D5D935E52E84F /* Pods_IOTPay_iOSS.framework */; };
		8A449B30CCF41E251263B395 /* Pods_IOTPay_iOSS_IOTPay_iOSSUITests.framework in Frameworks */ = {isa = PBXBuildFile; fileRef = E760180AE9A380D807A3975C /* Pods_IOTPay_iOSS_IOTPay_iOSSUITests.framework */; };
		90D7FB008199A5E01197EE78 /* Pods_IOTPay_iOSSTests.framework in Frameworks */ = {isa = PBXBuildFile; fileRef = 9FE6C4DA3E58DD3E6B4A290C /* Pods_IOTPay_iOSSTests.framework */; };
		FAA7A1C9262F876800B0F9DF /* AppDelegate.swift in Sources */ = {isa = PBXBuildFile; fileRef = FAA7A1C8262F876800B0F9DF /* AppDelegate.swift */; };
		FAA7A1CB262F876800B0F9DF /* SceneDelegate.swift in Sources */ = {isa = PBXBuildFile; fileRef = FAA7A1CA262F876800B0F9DF /* SceneDelegate.swift */; };
		FAA7A1CD262F876800B0F9DF /* ViewController.swift in Sources */ = {isa = PBXBuildFile; fileRef = FAA7A1CC262F876800B0F9DF /* ViewController.swift */; };
		FAA7A1D0262F876800B0F9DF /* Main.storyboard in Resources */ = {isa = PBXBuildFile; fileRef = FAA7A1CE262F876800B0F9DF /* Main.storyboard */; };
		FAA7A1D2262F876900B0F9DF /* Assets.xcassets in Resources */ = {isa = PBXBuildFile; fileRef = FAA7A1D1262F876900B0F9DF /* Assets.xcassets */; };
		FAA7A1D5262F876900B0F9DF /* LaunchScreen.storyboard in Resources */ = {isa = PBXBuildFile; fileRef = FAA7A1D3262F876900B0F9DF /* LaunchScreen.storyboard */; };
		FAA7A1E0262F876900B0F9DF /* IOTPay_iOSSTests.swift in Sources */ = {isa = PBXBuildFile; fileRef = FAA7A1DF262F876900B0F9DF /* IOTPay_iOSSTests.swift */; };
		FAA7A1EB262F876900B0F9DF /* IOTPay_iOSSUITests.swift in Sources */ = {isa = PBXBuildFile; fileRef = FAA7A1EA262F876900B0F9DF /* IOTPay_iOSSUITests.swift */; };
/* End PBXBuildFile section */

/* Begin PBXContainerItemProxy section */
		FAA7A1DC262F876900B0F9DF /* PBXContainerItemProxy */ = {
			isa = PBXContainerItemProxy;
			containerPortal = FAA7A1BD262F876800B0F9DF /* Project object */;
			proxyType = 1;
			remoteGlobalIDString = FAA7A1C4262F876800B0F9DF;
			remoteInfo = "IOTPay-iOSS";
		};
		FAA7A1E7262F876900B0F9DF /* PBXContainerItemProxy */ = {
			isa = PBXContainerItemProxy;
			containerPortal = FAA7A1BD262F876800B0F9DF /* Project object */;
			proxyType = 1;
			remoteGlobalIDString = FAA7A1C4262F876800B0F9DF;
			remoteInfo = "IOTPay-iOSS";
		};
		FAA7A223262F885500B0F9DF /* PBXContainerItemProxy */ = {
			isa = PBXContainerItemProxy;
			containerPortal = FAA7A21F262F885400B0F9DF /* AddCardSwift.xcodeproj */;
			proxyType = 2;
			remoteGlobalIDString = FAA7A208262F885200B0F9DF;
			remoteInfo = AddCardSwift;
		};
/* End PBXContainerItemProxy section */

/* Begin PBXFileReference section */
		19243CE5FFED35119F253690 /* Pods-IOTPay-iOSSTests.debug.xcconfig */ = {isa = PBXFileReference; includeInIndex = 1; lastKnownFileType = text.xcconfig; name = "Pods-IOTPay-iOSSTests.debug.xcconfig"; path = "Target Support Files/Pods-IOTPay-iOSSTests/Pods-IOTPay-iOSSTests.debug.xcconfig"; sourceTree = "<group>"; };
		9BFD07C9790D5D935E52E84F /* Pods_IOTPay_iOSS.framework */ = {isa = PBXFileReference; explicitFileType = wrapper.framework; includeInIndex = 0; path = Pods_IOTPay_iOSS.framework; sourceTree = BUILT_PRODUCTS_DIR; };
		9FE6C4DA3E58DD3E6B4A290C /* Pods_IOTPay_iOSSTests.framework */ = {isa = PBXFileReference; explicitFileType = wrapper.framework; includeInIndex = 0; path = Pods_IOTPay_iOSSTests.framework; sourceTree = BUILT_PRODUCTS_DIR; };
		BF29D99AD57B68807CCC5F86 /* Pods-IOTPay-iOSS.debug.xcconfig */ = {isa = PBXFileReference; includeInIndex = 1; lastKnownFileType = text.xcconfig; name = "Pods-IOTPay-iOSS.debug.xcconfig"; path = "Target Support Files/Pods-IOTPay-iOSS/Pods-IOTPay-iOSS.debug.xcconfig"; sourceTree = "<group>"; };
		D3E632DE2BE782A0F9D0E5CF /* Pods-IOTPay-iOSSTests.release.xcconfig */ = {isa = PBXFileReference; includeInIndex = 1; lastKnownFileType = text.xcconfig; name = "Pods-IOTPay-iOSSTests.release.xcconfig"; path = "Target Support Files/Pods-IOTPay-iOSSTests/Pods-IOTPay-iOSSTests.release.xcconfig"; sourceTree = "<group>"; };
		E760180AE9A380D807A3975C /* Pods_IOTPay_iOSS_IOTPay_iOSSUITests.framework */ = {isa = PBXFileReference; explicitFileType = wrapper.framework; includeInIndex = 0; path = Pods_IOTPay_iOSS_IOTPay_iOSSUITests.framework; sourceTree = BUILT_PRODUCTS_DIR; };
		E926889AFC760214DCD5B62A /* Pods-IOTPay-iOSS-IOTPay-iOSSUITests.release.xcconfig */ = {isa = PBXFileReference; includeInIndex = 1; lastKnownFileType = text.xcconfig; name = "Pods-IOTPay-iOSS-IOTPay-iOSSUITests.release.xcconfig"; path = "Target Support Files/Pods-IOTPay-iOSS-IOTPay-iOSSUITests/Pods-IOTPay-iOSS-IOTPay-iOSSUITests.release.xcconfig"; sourceTree = "<group>"; };
		F019DF6B36C8E0CE6CDC1B58 /* Pods-IOTPay-iOSS-IOTPay-iOSSUITests.debug.xcconfig */ = {isa = PBXFileReference; includeInIndex = 1; lastKnownFileType = text.xcconfig; name = "Pods-IOTPay-iOSS-IOTPay-iOSSUITests.debug.xcconfig"; path = "Target Support Files/Pods-IOTPay-iOSS-IOTPay-iOSSUITests/Pods-IOTPay-iOSS-IOTPay-iOSSUITests.debug.xcconfig"; sourceTree = "<group>"; };
		F0F4E92745B12F8C220871CE /* Pods-IOTPay-iOSS.release.xcconfig */ = {isa = PBXFileReference; includeInIndex = 1; lastKnownFileType = text.xcconfig; name = "Pods-IOTPay-iOSS.release.xcconfig"; path = "Target Support Files/Pods-IOTPay-iOSS/Pods-IOTPay-iOSS.release.xcconfig"; sourceTree = "<group>"; };
		FAA7A1C5262F876800B0F9DF /* IOTPay-iOSS.app */ = {isa = PBXFileReference; explicitFileType = wrapper.application; includeInIndex = 0; path = "IOTPay-iOSS.app"; sourceTree = BUILT_PRODUCTS_DIR; };
		FAA7A1C8262F876800B0F9DF /* AppDelegate.swift */ = {isa = PBXFileReference; lastKnownFileType = sourcecode.swift; path = AppDelegate.swift; sourceTree = "<group>"; };
		FAA7A1CA262F876800B0F9DF /* SceneDelegate.swift */ = {isa = PBXFileReference; lastKnownFileType = sourcecode.swift; path = SceneDelegate.swift; sourceTree = "<group>"; };
		FAA7A1CC262F876800B0F9DF /* ViewController.swift */ = {isa = PBXFileReference; lastKnownFileType = sourcecode.swift; path = ViewController.swift; sourceTree = "<group>"; };
		FAA7A1CF262F876800B0F9DF /* Base */ = {isa = PBXFileReference; lastKnownFileType = file.storyboard; name = Base; path = Base.lproj/Main.storyboard; sourceTree = "<group>"; };
		FAA7A1D1262F876900B0F9DF /* Assets.xcassets */ = {isa = PBXFileReference; lastKnownFileType = folder.assetcatalog; path = Assets.xcassets; sourceTree = "<group>"; };
		FAA7A1D4262F876900B0F9DF /* Base */ = {isa = PBXFileReference; lastKnownFileType = file.storyboard; name = Base; path = Base.lproj/LaunchScreen.storyboard; sourceTree = "<group>"; };
		FAA7A1D6262F876900B0F9DF /* Info.plist */ = {isa = PBXFileReference; lastKnownFileType = text.plist.xml; path = Info.plist; sourceTree = "<group>"; };
		FAA7A1DB262F876900B0F9DF /* IOTPay-iOSSTests.xctest */ = {isa = PBXFileReference; explicitFileType = wrapper.cfbundle; includeInIndex = 0; path = "IOTPay-iOSSTests.xctest"; sourceTree = BUILT_PRODUCTS_DIR; };
		FAA7A1DF262F876900B0F9DF /* IOTPay_iOSSTests.swift */ = {isa = PBXFileReference; lastKnownFileType = sourcecode.swift; path = IOTPay_iOSSTests.swift; sourceTree = "<group>"; };
		FAA7A1E1262F876900B0F9DF /* Info.plist */ = {isa = PBXFileReference; lastKnownFileType = text.plist.xml; path = Info.plist; sourceTree = "<group>"; };
		FAA7A1E6262F876900B0F9DF /* IOTPay-iOSSUITests.xctest */ = {isa = PBXFileReference; explicitFileType = wrapper.cfbundle; includeInIndex = 0; path = "IOTPay-iOSSUITests.xctest"; sourceTree = BUILT_PRODUCTS_DIR; };
		FAA7A1EA262F876900B0F9DF /* IOTPay_iOSSUITests.swift */ = {isa = PBXFileReference; lastKnownFileType = sourcecode.swift; path = IOTPay_iOSSUITests.swift; sourceTree = "<group>"; };
		FAA7A1EC262F876900B0F9DF /* Info.plist */ = {isa = PBXFileReference; lastKnownFileType = text.plist.xml; path = Info.plist; sourceTree = "<group>"; };
		FAA7A21F262F885400B0F9DF /* AddCardSwift.xcodeproj */ = {isa = PBXFileReference; lastKnownFileType = "wrapper.pb-project"; name = AddCardSwift.xcodeproj; path = ../../wo/AddCardSwift/AddCardSwift.xcodeproj; sourceTree = "<group>"; };
/* End PBXFileReference section */

/* Begin PBXFrameworksBuildPhase section */
		FAA7A1C2262F876800B0F9DF /* Frameworks */ = {
			isa = PBXFrameworksBuildPhase;
			buildActionMask = 2147483647;
			files = (
				6C8C6E06ED805B4DD4580AB2 /* Pods_IOTPay_iOSS.framework in Frameworks */,
			);
			runOnlyForDeploymentPostprocessing = 0;
		};
		FAA7A1D8262F876900B0F9DF /* Frameworks */ = {
			isa = PBXFrameworksBuildPhase;
			buildActionMask = 2147483647;
			files = (
				90D7FB008199A5E01197EE78 /* Pods_IOTPay_iOSSTests.framework in Frameworks */,
			);
			runOnlyForDeploymentPostprocessing = 0;
		};
		FAA7A1E3262F876900B0F9DF /* Frameworks */ = {
			isa = PBXFrameworksBuildPhase;
			buildActionMask = 2147483647;
			files = (
				8A449B30CCF41E251263B395 /* Pods_IOTPay_iOSS_IOTPay_iOSSUITests.framework in Frameworks */,
			);
			runOnlyForDeploymentPostprocessing = 0;
		};
/* End PBXFrameworksBuildPhase section */

/* Begin PBXGroup section */
		0230E66E70CB8683C8DC0C12 /* Pods */ = {
			isa = PBXGroup;
			children = (
				BF29D99AD57B68807CCC5F86 /* Pods-IOTPay-iOSS.debug.xcconfig */,
				F0F4E92745B12F8C220871CE /* Pods-IOTPay-iOSS.release.xcconfig */,
				F019DF6B36C8E0CE6CDC1B58 /* Pods-IOTPay-iOSS-IOTPay-iOSSUITests.debug.xcconfig */,
				E926889AFC760214DCD5B62A /* Pods-IOTPay-iOSS-IOTPay-iOSSUITests.release.xcconfig */,
				19243CE5FFED35119F253690 /* Pods-IOTPay-iOSSTests.debug.xcconfig */,
				D3E632DE2BE782A0F9D0E5CF /* Pods-IOTPay-iOSSTests.release.xcconfig */,
			);
			path = Pods;
			sourceTree = "<group>";
		};
		9AF3249D42C046DE42FF8A7B /* Frameworks */ = {
			isa = PBXGroup;
			children = (
				9BFD07C9790D5D935E52E84F /* Pods_IOTPay_iOSS.framework */,
				E760180AE9A380D807A3975C /* Pods_IOTPay_iOSS_IOTPay_iOSSUITests.framework */,
				9FE6C4DA3E58DD3E6B4A290C /* Pods_IOTPay_iOSSTests.framework */,
			);
			name = Frameworks;
			sourceTree = "<group>";
		};
		FAA7A1BC262F876800B0F9DF = {
			isa = PBXGroup;
			children = (
				FAA7A1FE262F87DF00B0F9DF /* AddCard */,
				FAA7A1C7262F876800B0F9DF /* IOTPay-iOSS */,
				FAA7A1DE262F876900B0F9DF /* IOTPay-iOSSTests */,
				FAA7A1E9262F876900B0F9DF /* IOTPay-iOSSUITests */,
				FAA7A1C6262F876800B0F9DF /* Products */,
				0230E66E70CB8683C8DC0C12 /* Pods */,
				9AF3249D42C046DE42FF8A7B /* Frameworks */,
			);
			sourceTree = "<group>";
		};
		FAA7A1C6262F876800B0F9DF /* Products */ = {
			isa = PBXGroup;
			children = (
				FAA7A1C5262F876800B0F9DF /* IOTPay-iOSS.app */,
				FAA7A1DB262F876900B0F9DF /* IOTPay-iOSSTests.xctest */,
				FAA7A1E6262F876900B0F9DF /* IOTPay-iOSSUITests.xctest */,
			);
			name = Products;
			sourceTree = "<group>";
		};
		FAA7A1C7262F876800B0F9DF /* IOTPay-iOSS */ = {
			isa = PBXGroup;
			children = (
				FAA7A1C8262F876800B0F9DF /* AppDelegate.swift */,
				FAA7A1CA262F876800B0F9DF /* SceneDelegate.swift */,
				FAA7A1CC262F876800B0F9DF /* ViewController.swift */,
				FAA7A1CE262F876800B0F9DF /* Main.storyboard */,
				FAA7A1D1262F876900B0F9DF /* Assets.xcassets */,
				FAA7A1D3262F876900B0F9DF /* LaunchScreen.storyboard */,
				FAA7A1D6262F876900B0F9DF /* Info.plist */,
			);
			path = "IOTPay-iOSS";
			sourceTree = "<group>";
		};
		FAA7A1DE262F876900B0F9DF /* IOTPay-iOSSTests */ = {
			isa = PBXGroup;
			children = (
				FAA7A1DF262F876900B0F9DF /* IOTPay_iOSSTests.swift */,
				FAA7A1E1262F876900B0F9DF /* Info.plist */,
			);
			path = "IOTPay-iOSSTests";
			sourceTree = "<group>";
		};
		FAA7A1E9262F876900B0F9DF /* IOTPay-iOSSUITests */ = {
			isa = PBXGroup;
			children = (
				FAA7A1EA262F876900B0F9DF /* IOTPay_iOSSUITests.swift */,
				FAA7A1EC262F876900B0F9DF /* Info.plist */,
			);
			path = "IOTPay-iOSSUITests";
			sourceTree = "<group>";
		};
		FAA7A1FE262F87DF00B0F9DF /* AddCard */ = {
			isa = PBXGroup;
			children = (
				FAA7A21F262F885400B0F9DF /* AddCardSwift.xcodeproj */,
			);
			path = AddCard;
			sourceTree = "<group>";
		};
		FAA7A220262F885400B0F9DF /* Products */ = {
			isa = PBXGroup;
			children = (
				FAA7A224262F885500B0F9DF /* AddCardSwift.app */,
			);
			name = Products;
			sourceTree = "<group>";
		};
/* End PBXGroup section */

/* Begin PBXNativeTarget section */
		FAA7A1C4262F876800B0F9DF /* IOTPay-iOSS */ = {
			isa = PBXNativeTarget;
			buildConfigurationList = FAA7A1EF262F876900B0F9DF /* Build configuration list for PBXNativeTarget "IOTPay-iOSS" */;
			buildPhases = (
				0C88F3BA2B056BAC7521C6E7 /* [CP] Check Pods Manifest.lock */,
				FAA7A1C1262F876800B0F9DF /* Sources */,
				FAA7A1C2262F876800B0F9DF /* Frameworks */,
				FAA7A1C3262F876800B0F9DF /* Resources */,
			);
			buildRules = (
			);
			dependencies = (
			);
			name = "IOTPay-iOSS";
			productName = "IOTPay-iOSS";
			productReference = FAA7A1C5262F876800B0F9DF /* IOTPay-iOSS.app */;
			productType = "com.apple.product-type.application";
		};
		FAA7A1DA262F876900B0F9DF /* IOTPay-iOSSTests */ = {
			isa = PBXNativeTarget;
			buildConfigurationList = FAA7A1F2262F876900B0F9DF /* Build configuration list for PBXNativeTarget "IOTPay-iOSSTests" */;
			buildPhases = (
				CF803E5301B4135FC79E800C /* [CP] Check Pods Manifest.lock */,
				FAA7A1D7262F876900B0F9DF /* Sources */,
				FAA7A1D8262F876900B0F9DF /* Frameworks */,
				FAA7A1D9262F876900B0F9DF /* Resources */,
			);
			buildRules = (
			);
			dependencies = (
				FAA7A1DD262F876900B0F9DF /* PBXTargetDependency */,
			);
			name = "IOTPay-iOSSTests";
			productName = "IOTPay-iOSSTests";
			productReference = FAA7A1DB262F876900B0F9DF /* IOTPay-iOSSTests.xctest */;
			productType = "com.apple.product-type.bundle.unit-test";
		};
		FAA7A1E5262F876900B0F9DF /* IOTPay-iOSSUITests */ = {
			isa = PBXNativeTarget;
			buildConfigurationList = FAA7A1F5262F876900B0F9DF /* Build configuration list for PBXNativeTarget "IOTPay-iOSSUITests" */;
			buildPhases = (
				E7FEE107AD6A87D5608C46DD /* [CP] Check Pods Manifest.lock */,
				FAA7A1E2262F876900B0F9DF /* Sources */,
				FAA7A1E3262F876900B0F9DF /* Frameworks */,
				FAA7A1E4262F876900B0F9DF /* Resources */,
			);
			buildRules = (
			);
			dependencies = (
				FAA7A1E8262F876900B0F9DF /* PBXTargetDependency */,
			);
			name = "IOTPay-iOSSUITests";
			productName = "IOTPay-iOSSUITests";
			productReference = FAA7A1E6262F876900B0F9DF /* IOTPay-iOSSUITests.xctest */;
			productType = "com.apple.product-type.bundle.ui-testing";
		};
/* End PBXNativeTarget section */

/* Begin PBXProject section */
		FAA7A1BD262F876800B0F9DF /* Project object */ = {
			isa = PBXProject;
			attributes = {
				LastSwiftUpdateCheck = 1240;
				LastUpgradeCheck = 1240;
				TargetAttributes = {
					FAA7A1C4262F876800B0F9DF = {
						CreatedOnToolsVersion = 12.4;
					};
					FAA7A1DA262F876900B0F9DF = {
						CreatedOnToolsVersion = 12.4;
						TestTargetID = FAA7A1C4262F876800B0F9DF;
					};
					FAA7A1E5262F876900B0F9DF = {
						CreatedOnToolsVersion = 12.4;
						TestTargetID = FAA7A1C4262F876800B0F9DF;
					};
				};
			};
			buildConfigurationList = FAA7A1C0262F876800B0F9DF /* Build configuration list for PBXProject "IOTPay-iOSS" */;
			compatibilityVersion = "Xcode 9.3";
			developmentRegion = en;
			hasScannedForEncodings = 0;
			knownRegions = (
				en,
				Base,
			);
			mainGroup = FAA7A1BC262F876800B0F9DF;
			productRefGroup = FAA7A1C6262F876800B0F9DF /* Products */;
			projectDirPath = "";
			projectReferences = (
				{
					ProductGroup = FAA7A220262F885400B0F9DF /* Products */;
					ProjectRef = FAA7A21F262F885400B0F9DF /* AddCardSwift.xcodeproj */;
				},
			);
			projectRoot = "";
			targets = (
				FAA7A1C4262F876800B0F9DF /* IOTPay-iOSS */,
				FAA7A1DA262F876900B0F9DF /* IOTPay-iOSSTests */,
				FAA7A1E5262F876900B0F9DF /* IOTPay-iOSSUITests */,
			);
		};
/* End PBXProject section */

/* Begin PBXReferenceProxy section */
		FAA7A224262F885500B0F9DF /* AddCardSwift.app */ = {
			isa = PBXReferenceProxy;
			fileType = wrapper.application;
			path = AddCardSwift.app;
			remoteRef = FAA7A223262F885500B0F9DF /* PBXContainerItemProxy */;
			sourceTree = BUILT_PRODUCTS_DIR;
		};
/* End PBXReferenceProxy section */

/* Begin PBXResourcesBuildPhase section */
		FAA7A1C3262F876800B0F9DF /* Resources */ = {
			isa = PBXResourcesBuildPhase;
			buildActionMask = 2147483647;
			files = (
				FAA7A1D5262F876900B0F9DF /* LaunchScreen.storyboard in Resources */,
				FAA7A1D2262F876900B0F9DF /* Assets.xcassets in Resources */,
				FAA7A1D0262F876800B0F9DF /* Main.storyboard in Resources */,
			);
			runOnlyForDeploymentPostprocessing = 0;
		};
		FAA7A1D9262F876900B0F9DF /* Resources */ = {
			isa = PBXResourcesBuildPhase;
			buildActionMask = 2147483647;
			files = (
			);
			runOnlyForDeploymentPostprocessing = 0;
		};
		FAA7A1E4262F876900B0F9DF /* Resources */ = {
			isa = PBXResourcesBuildPhase;
			buildActionMask = 2147483647;
			files = (
			);
			runOnlyForDeploymentPostprocessing = 0;
		};
/* End PBXResourcesBuildPhase section */

/* Begin PBXShellScriptBuildPhase section */
		0C88F3BA2B056BAC7521C6E7 /* [CP] Check Pods Manifest.lock */ = {
			isa = PBXShellScriptBuildPhase;
			buildActionMask = 2147483647;
			files = (
			);
			inputFileListPaths = (
			);
			inputPaths = (
				"${PODS_PODFILE_DIR_PATH}/Podfile.lock",
				"${PODS_ROOT}/Manifest.lock",
			);
			name = "[CP] Check Pods Manifest.lock";
			outputFileListPaths = (
			);
			outputPaths = (
				"$(DERIVED_FILE_DIR)/Pods-IOTPay-iOSS-checkManifestLockResult.txt",
			);
			runOnlyForDeploymentPostprocessing = 0;
			shellPath = /bin/sh;
			shellScript = "diff \"${PODS_PODFILE_DIR_PATH}/Podfile.lock\" \"${PODS_ROOT}/Manifest.lock\" > /dev/null\nif [ $? != 0 ] ; then\n    # print error to STDERR\n    echo \"error: The sandbox is not in sync with the Podfile.lock. Run 'pod install' or update your CocoaPods installation.\" >&2\n    exit 1\nfi\n# This output is used by Xcode 'outputs' to avoid re-running this script phase.\necho \"SUCCESS\" > \"${SCRIPT_OUTPUT_FILE_0}\"\n";
			showEnvVarsInLog = 0;
		};
		CF803E5301B4135FC79E800C /* [CP] Check Pods Manifest.lock */ = {
			isa = PBXShellScriptBuildPhase;
			buildActionMask = 2147483647;
			files = (
			);
			inputFileListPaths = (
			);
			inputPaths = (
				"${PODS_PODFILE_DIR_PATH}/Podfile.lock",
				"${PODS_ROOT}/Manifest.lock",
			);
			name = "[CP] Check Pods Manifest.lock";
			outputFileListPaths = (
			);
			outputPaths = (
				"$(DERIVED_FILE_DIR)/Pods-IOTPay-iOSSTests-checkManifestLockResult.txt",
			);
			runOnlyForDeploymentPostprocessing = 0;
			shellPath = /bin/sh;
			shellScript = "diff \"${PODS_PODFILE_DIR_PATH}/Podfile.lock\" \"${PODS_ROOT}/Manifest.lock\" > /dev/null\nif [ $? != 0 ] ; then\n    # print error to STDERR\n    echo \"error: The sandbox is not in sync with the Podfile.lock. Run 'pod install' or update your CocoaPods installation.\" >&2\n    exit 1\nfi\n# This output is used by Xcode 'outputs' to avoid re-running this script phase.\necho \"SUCCESS\" > \"${SCRIPT_OUTPUT_FILE_0}\"\n";
			showEnvVarsInLog = 0;
		};
		E7FEE107AD6A87D5608C46DD /* [CP] Check Pods Manifest.lock */ = {
			isa = PBXShellScriptBuildPhase;
			buildActionMask = 2147483647;
			files = (
			);
			inputFileListPaths = (
			);
			inputPaths = (
				"${PODS_PODFILE_DIR_PATH}/Podfile.lock",
				"${PODS_ROOT}/Manifest.lock",
			);
			name = "[CP] Check Pods Manifest.lock";
			outputFileListPaths = (
			);
			outputPaths = (
				"$(DERIVED_FILE_DIR)/Pods-IOTPay-iOSS-IOTPay-iOSSUITests-checkManifestLockResult.txt",
			);
			runOnlyForDeploymentPostprocessing = 0;
			shellPath = /bin/sh;
			shellScript = "diff \"${PODS_PODFILE_DIR_PATH}/Podfile.lock\" \"${PODS_ROOT}/Manifest.lock\" > /dev/null\nif [ $? != 0 ] ; then\n    # print error to STDERR\n    echo \"error: The sandbox is not in sync with the Podfile.lock. Run 'pod install' or update your CocoaPods installation.\" >&2\n    exit 1\nfi\n# This output is used by Xcode 'outputs' to avoid re-running this script phase.\necho \"SUCCESS\" > \"${SCRIPT_OUTPUT_FILE_0}\"\n";
			showEnvVarsInLog = 0;
		};
/* End PBXShellScriptBuildPhase section */

/* Begin PBXSourcesBuildPhase section */
		FAA7A1C1262F876800B0F9DF /* Sources */ = {
			isa = PBXSourcesBuildPhase;
			buildActionMask = 2147483647;
			files = (
				FAA7A1CD262F876800B0F9DF /* ViewController.swift in Sources */,
				FAA7A1C9262F876800B0F9DF /* AppDelegate.swift in Sources */,
				FAA7A1CB262F876800B0F9DF /* SceneDelegate.swift in Sources */,
			);
			runOnlyForDeploymentPostprocessing = 0;
		};
		FAA7A1D7262F876900B0F9DF /* Sources */ = {
			isa = PBXSourcesBuildPhase;
			buildActionMask = 2147483647;
			files = (
				FAA7A1E0262F876900B0F9DF /* IOTPay_iOSSTests.swift in Sources */,
			);
			runOnlyForDeploymentPostprocessing = 0;
		};
		FAA7A1E2262F876900B0F9DF /* Sources */ = {
			isa = PBXSourcesBuildPhase;
			buildActionMask = 2147483647;
			files = (
				FAA7A1EB262F876900B0F9DF /* IOTPay_iOSSUITests.swift in Sources */,
			);
			runOnlyForDeploymentPostprocessing = 0;
		};
/* End PBXSourcesBuildPhase section */

/* Begin PBXTargetDependency section */
		FAA7A1DD262F876900B0F9DF /* PBXTargetDependency */ = {
			isa = PBXTargetDependency;
			target = FAA7A1C4262F876800B0F9DF /* IOTPay-iOSS */;
			targetProxy = FAA7A1DC262F876900B0F9DF /* PBXContainerItemProxy */;
		};
		FAA7A1E8262F876900B0F9DF /* PBXTargetDependency */ = {
			isa = PBXTargetDependency;
			target = FAA7A1C4262F876800B0F9DF /* IOTPay-iOSS */;
			targetProxy = FAA7A1E7262F876900B0F9DF /* PBXContainerItemProxy */;
		};
/* End PBXTargetDependency section */

/* Begin PBXVariantGroup section */
		FAA7A1CE262F876800B0F9DF /* Main.storyboard */ = {
			isa = PBXVariantGroup;
			children = (
				FAA7A1CF262F876800B0F9DF /* Base */,
			);
			name = Main.storyboard;
			sourceTree = "<group>";
		};
		FAA7A1D3262F876900B0F9DF /* LaunchScreen.storyboard */ = {
			isa = PBXVariantGroup;
			children = (
				FAA7A1D4262F876900B0F9DF /* Base */,
			);
			name = LaunchScreen.storyboard;
			sourceTree = "<group>";
		};
/* End PBXVariantGroup section */

/* Begin XCBuildConfiguration section */
		FAA7A1ED262F876900B0F9DF /* Debug */ = {
			isa = XCBuildConfiguration;
			buildSettings = {
				ALWAYS_SEARCH_USER_PATHS = NO;
				CLANG_ANALYZER_NONNULL = YES;
				CLANG_ANALYZER_NUMBER_OBJECT_CONVERSION = YES_AGGRESSIVE;
				CLANG_CXX_LANGUAGE_STANDARD = "gnu++14";
				CLANG_CXX_LIBRARY = "libc++";
				CLANG_ENABLE_MODULES = YES;
				CLANG_ENABLE_OBJC_ARC = YES;
				CLANG_ENABLE_OBJC_WEAK = YES;
				CLANG_WARN_BLOCK_CAPTURE_AUTORELEASING = YES;
				CLANG_WARN_BOOL_CONVERSION = YES;
				CLANG_WARN_COMMA = YES;
				CLANG_WARN_CONSTANT_CONVERSION = YES;
				CLANG_WARN_DEPRECATED_OBJC_IMPLEMENTATIONS = YES;
				CLANG_WARN_DIRECT_OBJC_ISA_USAGE = YES_ERROR;
				CLANG_WARN_DOCUMENTATION_COMMENTS = YES;
				CLANG_WARN_EMPTY_BODY = YES;
				CLANG_WARN_ENUM_CONVERSION = YES;
				CLANG_WARN_INFINITE_RECURSION = YES;
				CLANG_WARN_INT_CONVERSION = YES;
				CLANG_WARN_NON_LITERAL_NULL_CONVERSION = YES;
				CLANG_WARN_OBJC_IMPLICIT_RETAIN_SELF = YES;
				CLANG_WARN_OBJC_LITERAL_CONVERSION = YES;
				CLANG_WARN_OBJC_ROOT_CLASS = YES_ERROR;
				CLANG_WARN_QUOTED_INCLUDE_IN_FRAMEWORK_HEADER = YES;
				CLANG_WARN_RANGE_LOOP_ANALYSIS = YES;
				CLANG_WARN_STRICT_PROTOTYPES = YES;
				CLANG_WARN_SUSPICIOUS_MOVE = YES;
				CLANG_WARN_UNGUARDED_AVAILABILITY = YES_AGGRESSIVE;
				CLANG_WARN_UNREACHABLE_CODE = YES;
				CLANG_WARN__DUPLICATE_METHOD_MATCH = YES;
				COPY_PHASE_STRIP = NO;
				DEBUG_INFORMATION_FORMAT = dwarf;
				ENABLE_STRICT_OBJC_MSGSEND = YES;
				ENABLE_TESTABILITY = YES;
				GCC_C_LANGUAGE_STANDARD = gnu11;
				GCC_DYNAMIC_NO_PIC = NO;
				GCC_NO_COMMON_BLOCKS = YES;
				GCC_OPTIMIZATION_LEVEL = 0;
				GCC_PREPROCESSOR_DEFINITIONS = (
					"DEBUG=1",
					"$(inherited)",
				);
				GCC_WARN_64_TO_32_BIT_CONVERSION = YES;
				GCC_WARN_ABOUT_RETURN_TYPE = YES_ERROR;
				GCC_WARN_UNDECLARED_SELECTOR = YES;
				GCC_WARN_UNINITIALIZED_AUTOS = YES_AGGRESSIVE;
				GCC_WARN_UNUSED_FUNCTION = YES;
				GCC_WARN_UNUSED_VARIABLE = YES;
				IPHONEOS_DEPLOYMENT_TARGET = 14.4;
				MTL_ENABLE_DEBUG_INFO = INCLUDE_SOURCE;
				MTL_FAST_MATH = YES;
				ONLY_ACTIVE_ARCH = YES;
				SDKROOT = iphoneos;
				SWIFT_ACTIVE_COMPILATION_CONDITIONS = DEBUG;
				SWIFT_OPTIMIZATION_LEVEL = "-Onone";
			};
			name = Debug;
		};
		FAA7A1EE262F876900B0F9DF /* Release */ = {
			isa = XCBuildConfiguration;
			buildSettings = {
				ALWAYS_SEARCH_USER_PATHS = NO;
				CLANG_ANALYZER_NONNULL = YES;
				CLANG_ANALYZER_NUMBER_OBJECT_CONVERSION = YES_AGGRESSIVE;
				CLANG_CXX_LANGUAGE_STANDARD = "gnu++14";
				CLANG_CXX_LIBRARY = "libc++";
				CLANG_ENABLE_MODULES = YES;
				CLANG_ENABLE_OBJC_ARC = YES;
				CLANG_ENABLE_OBJC_WEAK = YES;
				CLANG_WARN_BLOCK_CAPTURE_AUTORELEASING = YES;
				CLANG_WARN_BOOL_CONVERSION = YES;
				CLANG_WARN_COMMA = YES;
				CLANG_WARN_CONSTANT_CONVERSION = YES;
				CLANG_WARN_DEPRECATED_OBJC_IMPLEMENTATIONS = YES;
				CLANG_WARN_DIRECT_OBJC_ISA_USAGE = YES_ERROR;
				CLANG_WARN_DOCUMENTATION_COMMENTS = YES;
				CLANG_WARN_EMPTY_BODY = YES;
				CLANG_WARN_ENUM_CONVERSION = YES;
				CLANG_WARN_INFINITE_RECURSION = YES;
				CLANG_WARN_INT_CONVERSION = YES;
				CLANG_WARN_NON_LITERAL_NULL_CONVERSION = YES;
				CLANG_WARN_OBJC_IMPLICIT_RETAIN_SELF = YES;
				CLANG_WARN_OBJC_LITERAL_CONVERSION = YES;
				CLANG_WARN_OBJC_ROOT_CLASS = YES_ERROR;
				CLANG_WARN_QUOTED_INCLUDE_IN_FRAMEWORK_HEADER = YES;
				CLANG_WARN_RANGE_LOOP_ANALYSIS = YES;
				CLANG_WARN_STRICT_PROTOTYPES = YES;
				CLANG_WARN_SUSPICIOUS_MOVE = YES;
				CLANG_WARN_UNGUARDED_AVAILABILITY = YES_AGGRESSIVE;
				CLANG_WARN_UNREACHABLE_CODE = YES;
				CLANG_WARN__DUPLICATE_METHOD_MATCH = YES;
				COPY_PHASE_STRIP = NO;
				DEBUG_INFORMATION_FORMAT = "dwarf-with-dsym";
				ENABLE_NS_ASSERTIONS = NO;
				ENABLE_STRICT_OBJC_MSGSEND = YES;
				GCC_C_LANGUAGE_STANDARD = gnu11;
				GCC_NO_COMMON_BLOCKS = YES;
				GCC_WARN_64_TO_32_BIT_CONVERSION = YES;
				GCC_WARN_ABOUT_RETURN_TYPE = YES_ERROR;
				GCC_WARN_UNDECLARED_SELECTOR = YES;
				GCC_WARN_UNINITIALIZED_AUTOS = YES_AGGRESSIVE;
				GCC_WARN_UNUSED_FUNCTION = YES;
				GCC_WARN_UNUSED_VARIABLE = YES;
				IPHONEOS_DEPLOYMENT_TARGET = 14.4;
				MTL_ENABLE_DEBUG_INFO = NO;
				MTL_FAST_MATH = YES;
				SDKROOT = iphoneos;
				SWIFT_COMPILATION_MODE = wholemodule;
				SWIFT_OPTIMIZATION_LEVEL = "-O";
				VALIDATE_PRODUCT = YES;
			};
			name = Release;
		};
		FAA7A1F0262F876900B0F9DF /* Debug */ = {
			isa = XCBuildConfiguration;
			baseConfigurationReference = BF29D99AD57B68807CCC5F86 /* Pods-IOTPay-iOSS.debug.xcconfig */;
			buildSettings = {
				ASSETCATALOG_COMPILER_APPICON_NAME = AppIcon;
				ASSETCATALOG_COMPILER_GLOBAL_ACCENT_COLOR_NAME = AccentColor;
				CODE_SIGN_STYLE = Automatic;
				DEVELOPMENT_TEAM = WG5V7B83H4;
				INFOPLIST_FILE = "IOTPay-iOSS/Info.plist";
				LD_RUNPATH_SEARCH_PATHS = (
					"$(inherited)",
					"@executable_path/Frameworks",
				);
				PRODUCT_BUNDLE_IDENTIFIER = "ca.iotpay.IOTPay-iOSS";
				PRODUCT_NAME = "$(TARGET_NAME)";
				SWIFT_VERSION = 5.0;
				TARGETED_DEVICE_FAMILY = "1,2";
			};
			name = Debug;
		};
		FAA7A1F1262F876900B0F9DF /* Release */ = {
			isa = XCBuildConfiguration;
			baseConfigurationReference = F0F4E92745B12F8C220871CE /* Pods-IOTPay-iOSS.release.xcconfig */;
			buildSettings = {
				ASSETCATALOG_COMPILER_APPICON_NAME = AppIcon;
				ASSETCATALOG_COMPILER_GLOBAL_ACCENT_COLOR_NAME = AccentColor;
				CODE_SIGN_STYLE = Automatic;
				DEVELOPMENT_TEAM = WG5V7B83H4;
				INFOPLIST_FILE = "IOTPay-iOSS/Info.plist";
				LD_RUNPATH_SEARCH_PATHS = (
					"$(inherited)",
					"@executable_path/Frameworks",
				);
				PRODUCT_BUNDLE_IDENTIFIER = "ca.iotpay.IOTPay-iOSS";
				PRODUCT_NAME = "$(TARGET_NAME)";
				SWIFT_VERSION = 5.0;
				TARGETED_DEVICE_FAMILY = "1,2";
			};
			name = Release;
		};
		FAA7A1F3262F876900B0F9DF /* Debug */ = {
			isa = XCBuildConfiguration;
			baseConfigurationReference = 19243CE5FFED35119F253690 /* Pods-IOTPay-iOSSTests.debug.xcconfig */;
			buildSettings = {
				ALWAYS_EMBED_SWIFT_STANDARD_LIBRARIES = YES;
				BUNDLE_LOADER = "$(TEST_HOST)";
				CODE_SIGN_STYLE = Automatic;
				DEVELOPMENT_TEAM = WG5V7B83H4;
				INFOPLIST_FILE = "IOTPay-iOSSTests/Info.plist";
				IPHONEOS_DEPLOYMENT_TARGET = 14.4;
				LD_RUNPATH_SEARCH_PATHS = (
					"$(inherited)",
					"@executable_path/Frameworks",
					"@loader_path/Frameworks",
				);
				PRODUCT_BUNDLE_IDENTIFIER = "ca.iotpay.IOTPay-iOSSTests";
				PRODUCT_NAME = "$(TARGET_NAME)";
				SWIFT_VERSION = 5.0;
				TARGETED_DEVICE_FAMILY = "1,2";
				TEST_HOST = "$(BUILT_PRODUCTS_DIR)/IOTPay-iOSS.app/IOTPay-iOSS";
			};
			name = Debug;
		};
		FAA7A1F4262F876900B0F9DF /* Release */ = {
			isa = XCBuildConfiguration;
			baseConfigurationReference = D3E632DE2BE782A0F9D0E5CF /* Pods-IOTPay-iOSSTests.release.xcconfig */;
			buildSettings = {
				ALWAYS_EMBED_SWIFT_STANDARD_LIBRARIES = YES;
				BUNDLE_LOADER = "$(TEST_HOST)";
				CODE_SIGN_STYLE = Automatic;
				DEVELOPMENT_TEAM = WG5V7B83H4;
				INFOPLIST_FILE = "IOTPay-iOSSTests/Info.plist";
				IPHONEOS_DEPLOYMENT_TARGET = 14.4;
				LD_RUNPATH_SEARCH_PATHS = (
					"$(inherited)",
					"@executable_path/Frameworks",
					"@loader_path/Frameworks",
				);
				PRODUCT_BUNDLE_IDENTIFIER = "ca.iotpay.IOTPay-iOSSTests";
				PRODUCT_NAME = "$(TARGET_NAME)";
				SWIFT_VERSION = 5.0;
				TARGETED_DEVICE_FAMILY = "1,2";
				TEST_HOST = "$(BUILT_PRODUCTS_DIR)/IOTPay-iOSS.app/IOTPay-iOSS";
			};
			name = Release;
		};
		FAA7A1F6262F876900B0F9DF /* Debug */ = {
			isa = XCBuildConfiguration;
			baseConfigurationReference = F019DF6B36C8E0CE6CDC1B58 /* Pods-IOTPay-iOSS-IOTPay-iOSSUITests.debug.xcconfig */;
			buildSettings = {
				ALWAYS_EMBED_SWIFT_STANDARD_LIBRARIES = YES;
				CODE_SIGN_STYLE = Automatic;
				DEVELOPMENT_TEAM = WG5V7B83H4;
				INFOPLIST_FILE = "IOTPay-iOSSUITests/Info.plist";
				LD_RUNPATH_SEARCH_PATHS = (
					"$(inherited)",
					"@executable_path/Frameworks",
					"@loader_path/Frameworks",
				);
				PRODUCT_BUNDLE_IDENTIFIER = "ca.iotpay.IOTPay-iOSSUITests";
				PRODUCT_NAME = "$(TARGET_NAME)";
				SWIFT_VERSION = 5.0;
				TARGETED_DEVICE_FAMILY = "1,2";
				TEST_TARGET_NAME = "IOTPay-iOSS";
			};
			name = Debug;
		};
		FAA7A1F7262F876900B0F9DF /* Release */ = {
			isa = XCBuildConfiguration;
			baseConfigurationReference = E926889AFC760214DCD5B62A /* Pods-IOTPay-iOSS-IOTPay-iOSSUITests.release.xcconfig */;
			buildSettings = {
				ALWAYS_EMBED_SWIFT_STANDARD_LIBRARIES = YES;
				CODE_SIGN_STYLE = Automatic;
				DEVELOPMENT_TEAM = WG5V7B83H4;
				INFOPLIST_FILE = "IOTPay-iOSSUITests/Info.plist";
				LD_RUNPATH_SEARCH_PATHS = (
					"$(inherited)",
					"@executable_path/Frameworks",
					"@loader_path/Frameworks",
				);
				PRODUCT_BUNDLE_IDENTIFIER = "ca.iotpay.IOTPay-iOSSUITests";
				PRODUCT_NAME = "$(TARGET_NAME)";
				SWIFT_VERSION = 5.0;
				TARGETED_DEVICE_FAMILY = "1,2";
				TEST_TARGET_NAME = "IOTPay-iOSS";
			};
			name = Release;
		};
/* End XCBuildConfiguration section */

/* Begin XCConfigurationList section */
		FAA7A1C0262F876800B0F9DF /* Build configuration list for PBXProject "IOTPay-iOSS" */ = {
			isa = XCConfigurationList;
			buildConfigurations = (
				FAA7A1ED262F876900B0F9DF /* Debug */,
				FAA7A1EE262F876900B0F9DF /* Release */,
			);
			defaultConfigurationIsVisible = 0;
			defaultConfigurationName = Release;
		};
		FAA7A1EF262F876900B0F9DF /* Build configuration list for PBXNativeTarget "IOTPay-iOSS" */ = {
			isa = XCConfigurationList;
			buildConfigurations = (
				FAA7A1F0262F876900B0F9DF /* Debug */,
				FAA7A1F1262F876900B0F9DF /* Release */,
			);
			defaultConfigurationIsVisible = 0;
			defaultConfigurationName = Release;
		};
		FAA7A1F2262F876900B0F9DF /* Build configuration list for PBXNativeTarget "IOTPay-iOSSTests" */ = {
			isa = XCConfigurationList;
			buildConfigurations = (
				FAA7A1F3262F876900B0F9DF /* Debug */,
				FAA7A1F4262F876900B0F9DF /* Release */,
			);
			defaultConfigurationIsVisible = 0;
			defaultConfigurationName = Release;
		};
		FAA7A1F5262F876900B0F9DF /* Build configuration list for PBXNativeTarget "IOTPay-iOSSUITests" */ = {
			isa = XCConfigurationList;
			buildConfigurations = (
				FAA7A1F6262F876900B0F9DF /* Debug */,
				FAA7A1F7262F876900B0F9DF /* Release */,
			);
			defaultConfigurationIsVisible = 0;
			defaultConfigurationName = Release;
		};
/* End XCConfigurationList section */
	};
	rootObject = FAA7A1BD262F876800B0F9DF /* Project object */;
}
